// !$*UTF8*$!
{
	archiveVersion = 1;
	classes = {
	};
	objectVersion = 56;
	objects = {

/* Begin PBXBuildFile section */
		A00000000000000000000101 /* LoffeeApp.swift in Sources */ = {isa = PBXBuildFile; fileRef = A00000000000000000000201 /* LoffeeApp.swift */; };
		A00000000000000000000102 /* AudioEngineManager.swift in Sources */ = {isa = PBXBuildFile; fileRef = A00000000000000000000202 /* AudioEngineManager.swift */; };
		A00000000000000000000103 /* MixStore.swift in Sources */ = {isa = PBXBuildFile; fileRef = A00000000000000000000203 /* MixStore.swift */; };
		A00000000000000000000104 /* PlaybackSessionStore.swift in Sources */ = {isa = PBXBuildFile; fileRef = A00000000000000000000204 /* PlaybackSessionStore.swift */; };
		A00000000000000000000105 /* Sound.swift in Sources */ = {isa = PBXBuildFile; fileRef = A00000000000000000000205 /* Sound.swift */; };
		A00000000000000000000106 /* Mix.swift in Sources */ = {isa = PBXBuildFile; fileRef = A00000000000000000000206 /* Mix.swift */; };
		A00000000000000000000107 /* HomeViewModel.swift in Sources */ = {isa = PBXBuildFile; fileRef = A00000000000000000000207 /* HomeViewModel.swift */; };
		A00000000000000000000108 /* HomeView.swift in Sources */ = {isa = PBXBuildFile; fileRef = A00000000000000000000208 /* HomeView.swift */; };
		A00000000000000000000109 /* MixesView.swift in Sources */ = {isa = PBXBuildFile; fileRef = A00000000000000000000209 /* MixesView.swift */; };
		A00000000000000000000110 /* BundlePNGImage.swift in Sources */ = {isa = PBXBuildFile; fileRef = A0000000000000000000020A /* BundlePNGImage.swift */; };
		A00000000000000000000111 /* Images in Resources */ = {isa = PBXBuildFile; fileRef = A0000000000000000000020B /* Images */; };
		A00000000000000000000112 /* Audio in Resources */ = {isa = PBXBuildFile; fileRef = A0000000000000000000020C /* Audio */; };
		A00000000000000000000113 /* AudioImportNotes.md in Resources */ = {isa = PBXBuildFile; fileRef = A0000000000000000000020E /* AudioImportNotes.md */; };
		A00000000000000000000114 /* Assets.xcassets in Resources */ = {isa = PBXBuildFile; fileRef = A00000000000000000000210 /* Assets.xcassets */; };
		A00000000000000000000115 /* YogaPose.swift in Sources */ = {isa = PBXBuildFile; fileRef = A00000000000000000000211 /* YogaPose.swift */; };
		A00000000000000000000116 /* YogaProgressStore.swift in Sources */ = {isa = PBXBuildFile; fileRef = A00000000000000000000212 /* YogaProgressStore.swift */; };
		A00000000000000000000117 /* YogaViewModel.swift in Sources */ = {isa = PBXBuildFile; fileRef = A00000000000000000000213 /* YogaViewModel.swift */; };
		A00000000000000000000118 /* YogaView.swift in Sources */ = {isa = PBXBuildFile; fileRef = A00000000000000000000214 /* YogaView.swift */; };
		A00000000000000000000119 /* YogaGuidanceService.swift in Sources */ = {isa = PBXBuildFile; fileRef = A00000000000000000000215 /* YogaGuidanceService.swift */; };
/* End PBXBuildFile section */

/* Begin PBXFileReference section */
		A00000000000000000000201 /* LoffeeApp.swift */ = {isa = PBXFileReference; lastKnownFileType = sourcecode.swift; path = LoffeeApp.swift; sourceTree = "<group>"; };
		A00000000000000000000202 /* AudioEngineManager.swift */ = {isa = PBXFileReference; lastKnownFileType = sourcecode.swift; path = AudioEngineManager.swift; sourceTree = "<group>"; };
		A00000000000000000000203 /* MixStore.swift */ = {isa = PBXFileReference; lastKnownFileType = sourcecode.swift; path = MixStore.swift; sourceTree = "<group>"; };
		A00000000000000000000204 /* PlaybackSessionStore.swift */ = {isa = PBXFileReference; lastKnownFileType = sourcecode.swift; path = PlaybackSessionStore.swift; sourceTree = "<group>"; };
		A00000000000000000000205 /* Sound.swift */ = {isa = PBXFileReference; lastKnownFileType = sourcecode.swift; path = Sound.swift; sourceTree = "<group>"; };
		A00000000000000000000206 /* Mix.swift */ = {isa = PBXFileReference; lastKnownFileType = sourcecode.swift; path = Mix.swift; sourceTree = "<group>"; };
		A00000000000000000000207 /* HomeViewModel.swift */ = {isa = PBXFileReference; lastKnownFileType = sourcecode.swift; path = HomeViewModel.swift; sourceTree = "<group>"; };
		A00000000000000000000208 /* HomeView.swift */ = {isa = PBXFileReference; lastKnownFileType = sourcecode.swift; path = HomeView.swift; sourceTree = "<group>"; };
		A00000000000000000000209 /* MixesView.swift */ = {isa = PBXFileReference; lastKnownFileType = sourcecode.swift; path = MixesView.swift; sourceTree = "<group>"; };
		A0000000000000000000020A /* BundlePNGImage.swift */ = {isa = PBXFileReference; lastKnownFileType = sourcecode.swift; path = BundlePNGImage.swift; sourceTree = "<group>"; };
		A0000000000000000000020B /* Images */ = {isa = PBXFileReference; lastKnownFileType = folder; path = Images; sourceTree = "<group>"; };
		A0000000000000000000020C /* Audio */ = {isa = PBXFileReference; lastKnownFileType = folder; path = Audio; sourceTree = "<group>"; };
		A0000000000000000000020D /* Info.plist */ = {isa = PBXFileReference; lastKnownFileType = text.plist.xml; path = Info.plist; sourceTree = "<group>"; };
		A0000000000000000000020E /* AudioImportNotes.md */ = {isa = PBXFileReference; lastKnownFileType = net.daringfireball.markdown; path = AudioImportNotes.md; sourceTree = "<group>"; };
		A0000000000000000000020F /* Loffee.app */ = {isa = PBXFileReference; explicitFileType = wrapper.application; includeInIndex = 0; path = Loffee.app; sourceTree = BUILT_PRODUCTS_DIR; };
		A00000000000000000000210 /* Assets.xcassets */ = {isa = PBXFileReference; lastKnownFileType = folder.assetcatalog; path = Assets.xcassets; sourceTree = "<group>"; };
		A00000000000000000000211 /* YogaPose.swift */ = {isa = PBXFileReference; lastKnownFileType = sourcecode.swift; path = YogaPose.swift; sourceTree = "<group>"; };
		A00000000000000000000212 /* YogaProgressStore.swift */ = {isa = PBXFileReference; lastKnownFileType = sourcecode.swift; path = YogaProgressStore.swift; sourceTree = "<group>"; };
		A00000000000000000000213 /* YogaViewModel.swift */ = {isa = PBXFileReference; lastKnownFileType = sourcecode.swift; path = YogaViewModel.swift; sourceTree = "<group>"; };
		A00000000000000000000214 /* YogaView.swift */ = {isa = PBXFileReference; lastKnownFileType = sourcecode.swift; path = YogaView.swift; sourceTree = "<group>"; };
		A00000000000000000000215 /* YogaGuidanceService.swift */ = {isa = PBXFileReference; lastKnownFileType = sourcecode.swift; path = YogaGuidanceService.swift; sourceTree = "<group>"; };
/* End PBXFileReference section */

/* Begin PBXFrameworksBuildPhase section */
		A00000000000000000000301 /* Frameworks */ = {
			isa = PBXFrameworksBuildPhase;
			buildActionMask = 2147483647;
			files = (
			);
			runOnlyForDeploymentPostprocessing = 0;
		};
/* End PBXFrameworksBuildPhase section */

/* Begin PBXGroup section */
		A00000000000000000000401 = {
			isa = PBXGroup;
			children = (
				A00000000000000000000402 /* App */,
				A00000000000000000000403 /* Core */,
				A00000000000000000000404 /* Domain */,
				A00000000000000000000405 /* Presentation */,
				A00000000000000000000406 /* Resources */,
				A00000000000000000000407 /* Products */,
			);
			sourceTree = "<group>";
		};
		A00000000000000000000402 /* App */ = {
			isa = PBXGroup;
			children = (
				A00000000000000000000201 /* LoffeeApp.swift */,
			);
			path = App;
			sourceTree = "<group>";
		};
		A00000000000000000000403 /* Core */ = {
			isa = PBXGroup;
			children = (
				A00000000000000000000408 /* Audio */,
				A00000000000000000000409 /* Persistence */,
			);
			path = Core;
			sourceTree = "<group>";
		};
		A00000000000000000000404 /* Domain */ = {
			isa = PBXGroup;
			children = (
				A0000000000000000000040A /* Models */,
			);
			path = Domain;
			sourceTree = "<group>";
		};
		A00000000000000000000405 /* Presentation */ = {
			isa = PBXGroup;
			children = (
				A0000000000000000000040B /* Home */,
				A0000000000000000000040C /* Mixes */,
				A00000000000000000000410 /* Yoga */,
				A0000000000000000000040D /* Shared */,
			);
			path = Presentation;
			sourceTree = "<group>";
		};
		A00000000000000000000406 /* Resources */ = {
			isa = PBXGroup;
			children = (
				A00000000000000000000210 /* Assets.xcassets */,
				A0000000000000000000020B /* Images */,
				A0000000000000000000020C /* Audio */,
				A0000000000000000000040E /* Project */,
			);
			path = Resources;
			sourceTree = "<group>";
		};
		A00000000000000000000407 /* Products */ = {
			isa = PBXGroup;
			children = (
				A0000000000000000000020F /* Loffee.app */,
			);
			name = Products;
			sourceTree = "<group>";
		};
		A00000000000000000000408 /* Audio */ = {
			isa = PBXGroup;
			children = (
				A00000000000000000000202 /* AudioEngineManager.swift */,
				A00000000000000000000215 /* YogaGuidanceService.swift */,
			);
			path = Audio;
			sourceTree = "<group>";
		};
		A00000000000000000000409 /* Persistence */ = {
			isa = PBXGroup;
			children = (
				A00000000000000000000203 /* MixStore.swift */,
				A00000000000000000000204 /* PlaybackSessionStore.swift */,
				A00000000000000000000212 /* YogaProgressStore.swift */,
			);
			path = Persistence;
			sourceTree = "<group>";
		};
		A0000000000000000000040A /* Models */ = {
			isa = PBXGroup;
			children = (
				A00000000000000000000205 /* Sound.swift */,
				A00000000000000000000206 /* Mix.swift */,
				A00000000000000000000211 /* YogaPose.swift */,
			);
			path = Models;
			sourceTree = "<group>";
		};
		A0000000000000000000040B /* Home */ = {
			isa = PBXGroup;
			children = (
				A00000000000000000000207 /* HomeViewModel.swift */,
				A00000000000000000000208 /* HomeView.swift */,
			);
			path = Home;
			sourceTree = "<group>";
		};
		A0000000000000000000040C /* Mixes */ = {
			isa = PBXGroup;
			children = (
				A00000000000000000000209 /* MixesView.swift */,
			);
			path = Mixes;
			sourceTree = "<group>";
		};
		A00000000000000000000410 /* Yoga */ = {
			isa = PBXGroup;
			children = (
				A00000000000000000000213 /* YogaViewModel.swift */,
				A00000000000000000000214 /* YogaView.swift */,
			);
			path = Yoga;
			sourceTree = "<group>";
		};
		A0000000000000000000040D /* Shared */ = {
			isa = PBXGroup;
			children = (
				A0000000000000000000020A /* BundlePNGImage.swift */,
			);
			path = Shared;
			sourceTree = "<group>";
		};
		A0000000000000000000040E /* Project */ = {
			isa = PBXGroup;
			children = (
				A0000000000000000000020D /* Info.plist */,
				A0000000000000000000020E /* AudioImportNotes.md */,
			);
			path = Project;
			sourceTree = "<group>";
		};
/* End PBXGroup section */

/* Begin PBXNativeTarget section */
		A0000000000000000000001A /* Loffee */ = {
			isa = PBXNativeTarget;
			buildConfigurationList = A00000000000000000000602 /* Build configuration list for PBXNativeTarget "Loffee" */;
			buildPhases = (
				A00000000000000000000302 /* Sources */,
				A00000000000000000000301 /* Frameworks */,
				A00000000000000000000303 /* Resources */,
			);
			buildRules = (
			);
			dependencies = (
			);
			name = Loffee;
			productName = Loffee;
			productReference = A0000000000000000000020F /* Loffee.app */;
			productType = "com.apple.product-type.application";
		};
/* End PBXNativeTarget section */

/* Begin PBXProject section */
		A0000000000000000000001B /* Project object */ = {
			isa = PBXProject;
			attributes = {
				BuildIndependentTargetsInParallel = 1;
				LastSwiftUpdateCheck = 1600;
				LastUpgradeCheck = 1600;
				TargetAttributes = {
					A0000000000000000000001A = {
						CreatedOnToolsVersion = 16.0;
					};
				};
			};
			buildConfigurationList = A00000000000000000000601 /* Build configuration list for PBXProject "Loffee" */;
			compatibilityVersion = "Xcode 14.0";
			developmentRegion = en;
			hasScannedForEncodings = 0;
			knownRegions = (
				en,
				Base,
			);
			mainGroup = A00000000000000000000401;
			productRefGroup = A00000000000000000000407 /* Products */;
			projectDirPath = "";
			projectRoot = "";
			targets = (
				A0000000000000000000001A /* Loffee */,
			);
		};
/* End PBXProject section */

/* Begin PBXResourcesBuildPhase section */
		A00000000000000000000303 /* Resources */ = {
			isa = PBXResourcesBuildPhase;
			buildActionMask = 2147483647;
			files = (
				A00000000000000000000112 /* Audio in Resources */,
				A00000000000000000000113 /* AudioImportNotes.md in Resources */,
				A00000000000000000000114 /* Assets.xcassets in Resources */,
			);
			runOnlyForDeploymentPostprocessing = 0;
		};
/* End PBXResourcesBuildPhase section */

/* Begin PBXSourcesBuildPhase section */
		A00000000000000000000302 /* Sources */ = {
			isa = PBXSourcesBuildPhase;
			buildActionMask = 2147483647;
			files = (
				A00000000000000000000101 /* LoffeeApp.swift in Sources */,
				A00000000000000000000102 /* AudioEngineManager.swift in Sources */,
				A00000000000000000000103 /* MixStore.swift in Sources */,
				A00000000000000000000104 /* PlaybackSessionStore.swift in Sources */,
				A00000000000000000000105 /* Sound.swift in Sources */,
				A00000000000000000000106 /* Mix.swift in Sources */,
				A00000000000000000000107 /* HomeViewModel.swift in Sources */,
				A00000000000000000000108 /* HomeView.swift in Sources */,
				A00000000000000000000109 /* MixesView.swift in Sources */,
				A00000000000000000000110 /* BundlePNGImage.swift in Sources */,
				A00000000000000000000115 /* YogaPose.swift in Sources */,
				A00000000000000000000116 /* YogaProgressStore.swift in Sources */,
				A00000000000000000000117 /* YogaViewModel.swift in Sources */,
				A00000000000000000000118 /* YogaView.swift in Sources */,
				A00000000000000000000119 /* YogaGuidanceService.swift in Sources */,
			);
			runOnlyForDeploymentPostprocessing = 0;
		};
/* End PBXSourcesBuildPhase section */

/* Begin XCBuildConfiguration section */
		A00000000000000000000501 /* Debug */ = {
			isa = XCBuildConfiguration;
			buildSettings = {
				ALWAYS_SEARCH_USER_PATHS = NO;
				CLANG_ENABLE_MODULES = YES;
				COPY_PHASE_STRIP = NO;
				DEBUG_INFORMATION_FORMAT = dwarf;
				ENABLE_TESTABILITY = YES;
				GCC_C_LANGUAGE_STANDARD = gnu17;
				IPHONEOS_DEPLOYMENT_TARGET = 17.0;
				ONLY_ACTIVE_ARCH = YES;
				SWIFT_OPTIMIZATION_LEVEL = "-Onone";
			};
			name = Debug;
		};
		A00000000000000000000502 /* Release */ = {
			isa = XCBuildConfiguration;
			buildSettings = {
				ALWAYS_SEARCH_USER_PATHS = NO;
				CLANG_ENABLE_MODULES = YES;
				COPY_PHASE_STRIP = NO;
				DEBUG_INFORMATION_FORMAT = "dwarf-with-dsym";
				GCC_C_LANGUAGE_STANDARD = gnu17;
				IPHONEOS_DEPLOYMENT_TARGET = 17.0;
				SWIFT_COMPILATION_MODE = wholemodule;
			};
			name = Release;
		};
		A00000000000000000000503 /* Debug */ = {
			isa = XCBuildConfiguration;
			buildSettings = {
				ASSETCATALOG_COMPILER_APPICON_NAME = AppIcon;
				ASSETCATALOG_COMPILER_GLOBAL_ACCENT_COLOR_NAME = AccentColor;
				CODE_SIGN_STYLE = Automatic;
				CURRENT_PROJECT_VERSION = 1;
				DEVELOPMENT_TEAM = "";
				GENERATE_INFOPLIST_FILE = NO;
				INFOPLIST_FILE = Resources/Project/Info.plist;
				LD_RUNPATH_SEARCH_PATHS = (
					"$(inherited)",
					"@executable_path/Frameworks",
				);
				MARKETING_VERSION = 1.0;
				PRODUCT_BUNDLE_IDENTIFIER = com.rhythm.loffee;
				PRODUCT_NAME = "$(TARGET_NAME)";
				SDKROOT = iphoneos;
				SUPPORTED_PLATFORMS = "iphonesimulator iphoneos";
				SWIFT_EMIT_LOC_STRINGS = YES;
				SWIFT_VERSION = 5.0;
				TARGETED_DEVICE_FAMILY = "1,2";
			};
			name = Debug;
		};
		A00000000000000000000504 /* Release */ = {
			isa = XCBuildConfiguration;
			buildSettings = {
				ASSETCATALOG_COMPILER_APPICON_NAME = AppIcon;
				ASSETCATALOG_COMPILER_GLOBAL_ACCENT_COLOR_NAME = AccentColor;
				CODE_SIGN_STYLE = Automatic;
				CURRENT_PROJECT_VERSION = 1;
				DEVELOPMENT_TEAM = "";
				GENERATE_INFOPLIST_FILE = NO;
				INFOPLIST_FILE = Resources/Project/Info.plist;
				LD_RUNPATH_SEARCH_PATHS = (
					"$(inherited)",
					"@executable_path/Frameworks",
				);
				MARKETING_VERSION = 1.0;
				PRODUCT_BUNDLE_IDENTIFIER = com.rhythm.loffee;
				PRODUCT_NAME = "$(TARGET_NAME)";
				SDKROOT = iphoneos;
				SUPPORTED_PLATFORMS = "iphonesimulator iphoneos";
				SWIFT_EMIT_LOC_STRINGS = YES;
				SWIFT_VERSION = 5.0;
				TARGETED_DEVICE_FAMILY = "1,2";
			};
			name = Release;
		};
/* End XCBuildConfiguration section */

/* Begin XCConfigurationList section */
		A00000000000000000000601 /* Build configuration list for PBXProject "Loffee" */ = {
			isa = XCConfigurationList;
			buildConfigurations = (
				A00000000000000000000501 /* Debug */,
				A00000000000000000000502 /* Release */,
			);
			defaultConfigurationIsVisible = 0;
			defaultConfigurationName = Release;
		};
		A00000000000000000000602 /* Build configuration list for PBXNativeTarget "Loffee" */ = {
			isa = XCConfigurationList;
			buildConfigurations = (
				A00000000000000000000503 /* Debug */,
				A00000000000000000000504 /* Release */,
			);
			defaultConfigurationIsVisible = 0;
			defaultConfigurationName = Release;
		};
/* End XCConfigurationList section */
	};
	rootObject = A0000000000000000000001B /* Project object */;
}